
Microsoft Visual Studio Solution File, Format Version 12.00
# Visual Studio Version 17
VisualStudioVersion = 17.0.31912.275
MinimumVisualStudioVersion = 10.0.40219.1
Project("{9A19103F-16F7-4668-BE54-9A1E7A4F7556}") = "Import", "Import\Import.csproj", "{65BC625C-B5FA-4F4F-8D20-DBB443320D12}"
EndProject
Project("{9A19103F-16F7-4668-BE54-9A1E7A4F7556}") = "Import.Core", "Import.Core\Import.Core.csproj", "{F97B6B0F-2AA8-4011-962E-2A120F6149D6}"
EndProject
Project("{FAE04EC0-301F-11D3-BF4B-00C04F79EFBC}") = "Import.Core.Tests", "Import.Core.Tests\Import.Core.Tests.csproj", "{56070FAD-A8D0-4D49-8B58-07649E78209F}"
EndProject
Global
	GlobalSection(SolutionConfigurationPlatforms) = preSolution
		Debug|Any CPU = Debug|Any CPU
		Release|Any CPU = Release|Any CPU
	EndGlobalSection
	GlobalSection(ProjectConfigurationPlatforms) = postSolution
		{65BC625C-B5FA-4F4F-8D20-DBB443320D12}.Debug|Any CPU.ActiveCfg = Debug|Any CPU
		{65BC625C-B5FA-4F4F-8D20-DBB443320D12}.Debug|Any CPU.Build.0 = Debug|Any CPU
		{65BC625C-B5FA-4F4F-8D20-DBB443320D12}.Release|Any CPU.ActiveCfg = Release|Any CPU
		{65BC625C-B5FA-4F4F-8D20-DBB443320D12}.Release|Any CPU.Build.0 = Release|Any CPU
		{F97B6B0F-2AA8-4011-962E-2A120F6149D6}.Debug|Any CPU.ActiveCfg = Debug|Any CPU
		{F97B6B0F-2AA8-4011-962E-2A120F6149D6}.Debug|Any CPU.Build.0 = Debug|Any CPU
		{F97B6B0F-2AA8-4011-962E-2A120F6149D6}.Release|Any CPU.ActiveCfg = Release|Any CPU
		{F97B6B0F-2AA8-4011-962E-2A120F6149D6}.Release|Any CPU.Build.0 = Release|Any CPU
		{56070FAD-A8D0-4D49-8B58-07649E78209F}.Debug|Any CPU.ActiveCfg = Debug|Any CPU
		{56070FAD-A8D0-4D49-8B58-07649E78209F}.Debug|Any CPU.Build.0 = Debug|Any CPU
		{56070FAD-A8D0-4D49-8B58-07649E78209F}.Release|Any CPU.ActiveCfg = Release|Any CPU
		{56070FAD-A8D0-4D49-8B58-07649E78209F}.Release|Any CPU.Build.0 = Release|Any CPU
	EndGlobalSection
	GlobalSection(SolutionProperties) = preSolution
		HideSolutionNode = FALSE
	EndGlobalSection
	GlobalSection(ExtensibilityGlobals) = postSolution
		SolutionGuid = {1E9119D4-44DA-4AB2-8CAF-EF4F66E4DACF}
	EndGlobalSection
EndGlobal
